// !$*UTF8*$!
{
	archiveVersion = 1;
	classes = {
	};
	objectVersion = 46;
	objects = {

/* Begin PBXBuildFile section */
		8328466019B8EFDD00D21E90 /* HomeViewController.m in Sources */ = {isa = PBXBuildFile; fileRef = 8328465F19B8EFDD00D21E90 /* HomeViewController.m */; };
		8328494819ABBACD005CA81E /* main.m in Sources */ = {isa = PBXBuildFile; fileRef = 8328494719ABBACD005CA81E /* main.m */; };
		8328494B19ABBACD005CA81E /* AppDelegate.m in Sources */ = {isa = PBXBuildFile; fileRef = 8328494A19ABBACD005CA81E /* AppDelegate.m */; };
		8328495119ABBACD005CA81E /* Main.storyboard in Resources */ = {isa = PBXBuildFile; fileRef = 8328494F19ABBACD005CA81E /* Main.storyboard */; };
		8328495319ABBACD005CA81E /* Images.xcassets in Resources */ = {isa = PBXBuildFile; fileRef = 8328495219ABBACD005CA81E /* Images.xcassets */; };
		8328495F19ABBACD005CA81E /* HomeKitDemoTests.m in Sources */ = {isa = PBXBuildFile; fileRef = 8328495E19ABBACD005CA81E /* HomeKitDemoTests.m */; };
		832849C119ABBB5B005CA81E /* NSDate+M2X.m in Sources */ = {isa = PBXBuildFile; fileRef = 832849B319ABBB5B005CA81E /* NSDate+M2X.m */; };
		832849C419ABBC47005CA81E /* HomesViewController.m in Sources */ = {isa = PBXBuildFile; fileRef = 832849C319ABBC47005CA81E /* HomesViewController.m */; };
		832849C619ABBD11005CA81E /* HomeKit.framework in Frameworks */ = {isa = PBXBuildFile; fileRef = 832849C519ABBD11005CA81E /* HomeKit.framework */; };
		833CD75019B90CF9000D8A78 /* RoomViewController.m in Sources */ = {isa = PBXBuildFile; fileRef = 833CD74F19B90CF9000D8A78 /* RoomViewController.m */; };
		836D614219C9C9F100F21102 /* SetupViewController.m in Sources */ = {isa = PBXBuildFile; fileRef = 836D614119C9C9F100F21102 /* SetupViewController.m */; };
		8394978E19BA002E005FFD10 /* AccessoriesViewController.m in Sources */ = {isa = PBXBuildFile; fileRef = 8394978D19BA002E005FFD10 /* AccessoriesViewController.m */; };
		8394979119BA00D4005FFD10 /* AccessoryViewController.m in Sources */ = {isa = PBXBuildFile; fileRef = 8394979019BA00D4005FFD10 /* AccessoryViewController.m */; };
		8394979419BA133E005FFD10 /* AccessoryBrowserViewController.m in Sources */ = {isa = PBXBuildFile; fileRef = 8394979319BA133E005FFD10 /* AccessoryBrowserViewController.m */; };
		8394979719BA5451005FFD10 /* ServicesViewController.m in Sources */ = {isa = PBXBuildFile; fileRef = 8394979619BA5451005FFD10 /* ServicesViewController.m */; };
		8394979D19BA5908005FFD10 /* ServiceViewController.m in Sources */ = {isa = PBXBuildFile; fileRef = 8394979C19BA5908005FFD10 /* ServiceViewController.m */; };
		E2FA60D61A2E00ED000FA837 /* M2XClient.m in Sources */ = {isa = PBXBuildFile; fileRef = E2FA60C51A2E00ED000FA837 /* M2XClient.m */; };
		E2FA60D71A2E00ED000FA837 /* M2XClient+HTTP.m in Sources */ = {isa = PBXBuildFile; fileRef = E2FA60C71A2E00ED000FA837 /* M2XClient+HTTP.m */; };
		E2FA60D81A2E00ED000FA837 /* M2XDevice.m in Sources */ = {isa = PBXBuildFile; fileRef = E2FA60C91A2E00ED000FA837 /* M2XDevice.m */; };
		E2FA60D91A2E00ED000FA837 /* M2XDistribution.m in Sources */ = {isa = PBXBuildFile; fileRef = E2FA60CB1A2E00ED000FA837 /* M2XDistribution.m */; };
		E2FA60DA1A2E00ED000FA837 /* M2XKey.m in Sources */ = {isa = PBXBuildFile; fileRef = E2FA60CD1A2E00ED000FA837 /* M2XKey.m */; };
		E2FA60DB1A2E00ED000FA837 /* M2XResource.m in Sources */ = {isa = PBXBuildFile; fileRef = E2FA60CF1A2E00ED000FA837 /* M2XResource.m */; };
		E2FA60DC1A2E00ED000FA837 /* M2XResponse.m in Sources */ = {isa = PBXBuildFile; fileRef = E2FA60D11A2E00ED000FA837 /* M2XResponse.m */; };
		E2FA60DD1A2E00ED000FA837 /* M2XStream.m in Sources */ = {isa = PBXBuildFile; fileRef = E2FA60D31A2E00ED000FA837 /* M2XStream.m */; };
		E2FA60DE1A2E00ED000FA837 /* M2XTrigger.m in Sources */ = {isa = PBXBuildFile; fileRef = E2FA60D51A2E00ED000FA837 /* M2XTrigger.m */; };
/* End PBXBuildFile section */

/* Begin PBXContainerItemProxy section */
		8328495919ABBACD005CA81E /* PBXContainerItemProxy */ = {
			isa = PBXContainerItemProxy;
			containerPortal = 8328493A19ABBACD005CA81E /* Project object */;
			proxyType = 1;
			remoteGlobalIDString = 8328494119ABBACD005CA81E;
			remoteInfo = HomeKitDemo;
		};
/* End PBXContainerItemProxy section */

/* Begin PBXFileReference section */
		8328465E19B8EFDD00D21E90 /* HomeViewController.h */ = {isa = PBXFileReference; fileEncoding = 4; lastKnownFileType = sourcecode.c.h; path = HomeViewController.h; sourceTree = "<group>"; };
		8328465F19B8EFDD00D21E90 /* HomeViewController.m */ = {isa = PBXFileReference; fileEncoding = 4; lastKnownFileType = sourcecode.c.objc; path = HomeViewController.m; sourceTree = "<group>"; };
		8328494219ABBACD005CA81E /* HomeKitDemo.app */ = {isa = PBXFileReference; explicitFileType = wrapper.application; includeInIndex = 0; path = HomeKitDemo.app; sourceTree = BUILT_PRODUCTS_DIR; };
		8328494619ABBACD005CA81E /* Info.plist */ = {isa = PBXFileReference; lastKnownFileType = text.plist.xml; path = Info.plist; sourceTree = "<group>"; };
		8328494719ABBACD005CA81E /* main.m */ = {isa = PBXFileReference; lastKnownFileType = sourcecode.c.objc; path = main.m; sourceTree = "<group>"; };
		8328494919ABBACD005CA81E /* AppDelegate.h */ = {isa = PBXFileReference; lastKnownFileType = sourcecode.c.h; path = AppDelegate.h; sourceTree = "<group>"; };
		8328494A19ABBACD005CA81E /* AppDelegate.m */ = {isa = PBXFileReference; lastKnownFileType = sourcecode.c.objc; path = AppDelegate.m; sourceTree = "<group>"; };
		8328495019ABBACD005CA81E /* Base */ = {isa = PBXFileReference; lastKnownFileType = file.storyboard; name = Base; path = Base.lproj/Main.storyboard; sourceTree = "<group>"; };
		8328495219ABBACD005CA81E /* Images.xcassets */ = {isa = PBXFileReference; lastKnownFileType = folder.assetcatalog; path = Images.xcassets; sourceTree = "<group>"; };
		8328495819ABBACD005CA81E /* HomeKitDemoTests.xctest */ = {isa = PBXFileReference; explicitFileType = wrapper.cfbundle; includeInIndex = 0; path = HomeKitDemoTests.xctest; sourceTree = BUILT_PRODUCTS_DIR; };
		8328495D19ABBACD005CA81E /* Info.plist */ = {isa = PBXFileReference; lastKnownFileType = text.plist.xml; path = Info.plist; sourceTree = "<group>"; };
		8328495E19ABBACD005CA81E /* HomeKitDemoTests.m */ = {isa = PBXFileReference; lastKnownFileType = sourcecode.c.objc; path = HomeKitDemoTests.m; sourceTree = "<group>"; };
		832849B219ABBB5B005CA81E /* NSDate+M2X.h */ = {isa = PBXFileReference; fileEncoding = 4; lastKnownFileType = sourcecode.c.h; path = "NSDate+M2X.h"; sourceTree = "<group>"; };
		832849B319ABBB5B005CA81E /* NSDate+M2X.m */ = {isa = PBXFileReference; fileEncoding = 4; lastKnownFileType = sourcecode.c.objc; path = "NSDate+M2X.m"; sourceTree = "<group>"; };
		832849C219ABBC47005CA81E /* HomesViewController.h */ = {isa = PBXFileReference; fileEncoding = 4; lastKnownFileType = sourcecode.c.h; path = HomesViewController.h; sourceTree = "<group>"; };
		832849C319ABBC47005CA81E /* HomesViewController.m */ = {isa = PBXFileReference; fileEncoding = 4; lastKnownFileType = sourcecode.c.objc; path = HomesViewController.m; sourceTree = "<group>"; };
		832849C519ABBD11005CA81E /* HomeKit.framework */ = {isa = PBXFileReference; lastKnownFileType = wrapper.framework; name = HomeKit.framework; path = System/Library/Frameworks/HomeKit.framework; sourceTree = SDKROOT; };
		833CD74E19B90CF9000D8A78 /* RoomViewController.h */ = {isa = PBXFileReference; fileEncoding = 4; lastKnownFileType = sourcecode.c.h; path = RoomViewController.h; sourceTree = "<group>"; };
		833CD74F19B90CF9000D8A78 /* RoomViewController.m */ = {isa = PBXFileReference; fileEncoding = 4; lastKnownFileType = sourcecode.c.objc; path = RoomViewController.m; sourceTree = "<group>"; };
		836D614019C9C9F100F21102 /* SetupViewController.h */ = {isa = PBXFileReference; fileEncoding = 4; lastKnownFileType = sourcecode.c.h; path = SetupViewController.h; sourceTree = "<group>"; };
		836D614119C9C9F100F21102 /* SetupViewController.m */ = {isa = PBXFileReference; fileEncoding = 4; lastKnownFileType = sourcecode.c.objc; path = SetupViewController.m; sourceTree = "<group>"; };
		837B21C519B8E79600D5CF03 /* HomeKitDemo.entitlements */ = {isa = PBXFileReference; lastKnownFileType = text.xml; path = HomeKitDemo.entitlements; sourceTree = "<group>"; };
		8394978C19BA002E005FFD10 /* AccessoriesViewController.h */ = {isa = PBXFileReference; fileEncoding = 4; lastKnownFileType = sourcecode.c.h; path = AccessoriesViewController.h; sourceTree = "<group>"; };
		8394978D19BA002E005FFD10 /* AccessoriesViewController.m */ = {isa = PBXFileReference; fileEncoding = 4; lastKnownFileType = sourcecode.c.objc; path = AccessoriesViewController.m; sourceTree = "<group>"; };
		8394978F19BA00D4005FFD10 /* AccessoryViewController.h */ = {isa = PBXFileReference; fileEncoding = 4; lastKnownFileType = sourcecode.c.h; name = AccessoryViewController.h; path = ../AccessoryViewController.h; sourceTree = "<group>"; };
		8394979019BA00D4005FFD10 /* AccessoryViewController.m */ = {isa = PBXFileReference; fileEncoding = 4; lastKnownFileType = sourcecode.c.objc; name = AccessoryViewController.m; path = ../AccessoryViewController.m; sourceTree = "<group>"; };
		8394979219BA133E005FFD10 /* AccessoryBrowserViewController.h */ = {isa = PBXFileReference; fileEncoding = 4; lastKnownFileType = sourcecode.c.h; path = AccessoryBrowserViewController.h; sourceTree = "<group>"; };
		8394979319BA133E005FFD10 /* AccessoryBrowserViewController.m */ = {isa = PBXFileReference; fileEncoding = 4; lastKnownFileType = sourcecode.c.objc; path = AccessoryBrowserViewController.m; sourceTree = "<group>"; };
		8394979519BA5451005FFD10 /* ServicesViewController.h */ = {isa = PBXFileReference; fileEncoding = 4; lastKnownFileType = sourcecode.c.h; path = ServicesViewController.h; sourceTree = "<group>"; };
		8394979619BA5451005FFD10 /* ServicesViewController.m */ = {isa = PBXFileReference; fileEncoding = 4; lastKnownFileType = sourcecode.c.objc; path = ServicesViewController.m; sourceTree = "<group>"; };
		8394979B19BA5908005FFD10 /* ServiceViewController.h */ = {isa = PBXFileReference; fileEncoding = 4; lastKnownFileType = sourcecode.c.h; path = ServiceViewController.h; sourceTree = "<group>"; };
		8394979C19BA5908005FFD10 /* ServiceViewController.m */ = {isa = PBXFileReference; fileEncoding = 4; lastKnownFileType = sourcecode.c.objc; path = ServiceViewController.m; sourceTree = "<group>"; };
		E2FA60C41A2E00ED000FA837 /* M2XClient.h */ = {isa = PBXFileReference; fileEncoding = 4; lastKnownFileType = sourcecode.c.h; path = M2XClient.h; sourceTree = "<group>"; };
		E2FA60C51A2E00ED000FA837 /* M2XClient.m */ = {isa = PBXFileReference; fileEncoding = 4; lastKnownFileType = sourcecode.c.objc; path = M2XClient.m; sourceTree = "<group>"; };
		E2FA60C61A2E00ED000FA837 /* M2XClient+HTTP.h */ = {isa = PBXFileReference; fileEncoding = 4; lastKnownFileType = sourcecode.c.h; path = "M2XClient+HTTP.h"; sourceTree = "<group>"; };
		E2FA60C71A2E00ED000FA837 /* M2XClient+HTTP.m */ = {isa = PBXFileReference; fileEncoding = 4; lastKnownFileType = sourcecode.c.objc; path = "M2XClient+HTTP.m"; sourceTree = "<group>"; };
		E2FA60C81A2E00ED000FA837 /* M2XDevice.h */ = {isa = PBXFileReference; fileEncoding = 4; lastKnownFileType = sourcecode.c.h; path = M2XDevice.h; sourceTree = "<group>"; };
		E2FA60C91A2E00ED000FA837 /* M2XDevice.m */ = {isa = PBXFileReference; fileEncoding = 4; lastKnownFileType = sourcecode.c.objc; path = M2XDevice.m; sourceTree = "<group>"; };
		E2FA60CA1A2E00ED000FA837 /* M2XDistribution.h */ = {isa = PBXFileReference; fileEncoding = 4; lastKnownFileType = sourcecode.c.h; path = M2XDistribution.h; sourceTree = "<group>"; };
		E2FA60CB1A2E00ED000FA837 /* M2XDistribution.m */ = {isa = PBXFileReference; fileEncoding = 4; lastKnownFileType = sourcecode.c.objc; path = M2XDistribution.m; sourceTree = "<group>"; };
		E2FA60CC1A2E00ED000FA837 /* M2XKey.h */ = {isa = PBXFileReference; fileEncoding = 4; lastKnownFileType = sourcecode.c.h; path = M2XKey.h; sourceTree = "<group>"; };
		E2FA60CD1A2E00ED000FA837 /* M2XKey.m */ = {isa = PBXFileReference; fileEncoding = 4; lastKnownFileType = sourcecode.c.objc; path = M2XKey.m; sourceTree = "<group>"; };
		E2FA60CE1A2E00ED000FA837 /* M2XResource.h */ = {isa = PBXFileReference; fileEncoding = 4; lastKnownFileType = sourcecode.c.h; path = M2XResource.h; sourceTree = "<group>"; };
		E2FA60CF1A2E00ED000FA837 /* M2XResource.m */ = {isa = PBXFileReference; fileEncoding = 4; lastKnownFileType = sourcecode.c.objc; path = M2XResource.m; sourceTree = "<group>"; };
		E2FA60D01A2E00ED000FA837 /* M2XResponse.h */ = {isa = PBXFileReference; fileEncoding = 4; lastKnownFileType = sourcecode.c.h; path = M2XResponse.h; sourceTree = "<group>"; };
		E2FA60D11A2E00ED000FA837 /* M2XResponse.m */ = {isa = PBXFileReference; fileEncoding = 4; lastKnownFileType = sourcecode.c.objc; path = M2XResponse.m; sourceTree = "<group>"; };
		E2FA60D21A2E00ED000FA837 /* M2XStream.h */ = {isa = PBXFileReference; fileEncoding = 4; lastKnownFileType = sourcecode.c.h; path = M2XStream.h; sourceTree = "<group>"; };
		E2FA60D31A2E00ED000FA837 /* M2XStream.m */ = {isa = PBXFileReference; fileEncoding = 4; lastKnownFileType = sourcecode.c.objc; path = M2XStream.m; sourceTree = "<group>"; };
		E2FA60D41A2E00ED000FA837 /* M2XTrigger.h */ = {isa = PBXFileReference; fileEncoding = 4; lastKnownFileType = sourcecode.c.h; path = M2XTrigger.h; sourceTree = "<group>"; };
		E2FA60D51A2E00ED000FA837 /* M2XTrigger.m */ = {isa = PBXFileReference; fileEncoding = 4; lastKnownFileType = sourcecode.c.objc; path = M2XTrigger.m; sourceTree = "<group>"; };
		E2FA60DF1A2E0135000FA837 /* M2X.h */ = {isa = PBXFileReference; fileEncoding = 4; lastKnownFileType = sourcecode.c.h; path = M2X.h; sourceTree = "<group>"; };
/* End PBXFileReference section */

/* Begin PBXFrameworksBuildPhase section */
		8328493F19ABBACD005CA81E /* Frameworks */ = {
			isa = PBXFrameworksBuildPhase;
			buildActionMask = 2147483647;
			files = (
				832849C619ABBD11005CA81E /* HomeKit.framework in Frameworks */,
			);
			runOnlyForDeploymentPostprocessing = 0;
		};
		8328495519ABBACD005CA81E /* Frameworks */ = {
			isa = PBXFrameworksBuildPhase;
			buildActionMask = 2147483647;
			files = (
			);
			runOnlyForDeploymentPostprocessing = 0;
		};
/* End PBXFrameworksBuildPhase section */

/* Begin PBXGroup section */
		8328493919ABBACD005CA81E = {
			isa = PBXGroup;
			children = (
				8328499519ABBB5B005CA81E /* lib */,
				8328494419ABBACD005CA81E /* HomeKitDemo */,
				8328495B19ABBACD005CA81E /* HomeKitDemoTests */,
				8328494319ABBACD005CA81E /* Products */,
			);
			sourceTree = "<group>";
		};
		8328494319ABBACD005CA81E /* Products */ = {
			isa = PBXGroup;
			children = (
				8328494219ABBACD005CA81E /* HomeKitDemo.app */,
				8328495819ABBACD005CA81E /* HomeKitDemoTests.xctest */,
			);
			name = Products;
			sourceTree = "<group>";
		};
		8328494419ABBACD005CA81E /* HomeKitDemo */ = {
			isa = PBXGroup;
			children = (
				837B21C519B8E79600D5CF03 /* HomeKitDemo.entitlements */,
				837B21C319B8DB4400D5CF03 /* Frameworks */,
				8328494919ABBACD005CA81E /* AppDelegate.h */,
				8328494A19ABBACD005CA81E /* AppDelegate.m */,
				8328494F19ABBACD005CA81E /* Main.storyboard */,
				8328495219ABBACD005CA81E /* Images.xcassets */,
				8328494519ABBACD005CA81E /* Supporting Files */,
				832849C219ABBC47005CA81E /* HomesViewController.h */,
				832849C319ABBC47005CA81E /* HomesViewController.m */,
				8328465E19B8EFDD00D21E90 /* HomeViewController.h */,
				8328465F19B8EFDD00D21E90 /* HomeViewController.m */,
				833CD74E19B90CF9000D8A78 /* RoomViewController.h */,
				833CD74F19B90CF9000D8A78 /* RoomViewController.m */,
				8394978F19BA00D4005FFD10 /* AccessoryViewController.h */,
				8394979019BA00D4005FFD10 /* AccessoryViewController.m */,
				8394978C19BA002E005FFD10 /* AccessoriesViewController.h */,
				8394978D19BA002E005FFD10 /* AccessoriesViewController.m */,
				8394979219BA133E005FFD10 /* AccessoryBrowserViewController.h */,
				8394979319BA133E005FFD10 /* AccessoryBrowserViewController.m */,
				8394979519BA5451005FFD10 /* ServicesViewController.h */,
				8394979619BA5451005FFD10 /* ServicesViewController.m */,
				8394979B19BA5908005FFD10 /* ServiceViewController.h */,
				8394979C19BA5908005FFD10 /* ServiceViewController.m */,
				836D614019C9C9F100F21102 /* SetupViewController.h */,
				836D614119C9C9F100F21102 /* SetupViewController.m */,
			);
			path = HomeKitDemo;
			sourceTree = "<group>";
		};
		8328494519ABBACD005CA81E /* Supporting Files */ = {
			isa = PBXGroup;
			children = (
				8328494619ABBACD005CA81E /* Info.plist */,
				8328494719ABBACD005CA81E /* main.m */,
			);
			name = "Supporting Files";
			sourceTree = "<group>";
		};
		8328495B19ABBACD005CA81E /* HomeKitDemoTests */ = {
			isa = PBXGroup;
			children = (
				8328495E19ABBACD005CA81E /* HomeKitDemoTests.m */,
				8328495C19ABBACD005CA81E /* Supporting Files */,
			);
			path = HomeKitDemoTests;
			sourceTree = "<group>";
		};
		8328495C19ABBACD005CA81E /* Supporting Files */ = {
			isa = PBXGroup;
			children = (
				8328495D19ABBACD005CA81E /* Info.plist */,
			);
			name = "Supporting Files";
			sourceTree = "<group>";
		};
		8328499519ABBB5B005CA81E /* lib */ = {
			isa = PBXGroup;
			children = (
				E2FA60DF1A2E0135000FA837 /* M2X.h */,
				E2FA60C41A2E00ED000FA837 /* M2XClient.h */,
				E2FA60C51A2E00ED000FA837 /* M2XClient.m */,
				E2FA60C61A2E00ED000FA837 /* M2XClient+HTTP.h */,
				E2FA60C71A2E00ED000FA837 /* M2XClient+HTTP.m */,
				E2FA60C81A2E00ED000FA837 /* M2XDevice.h */,
				E2FA60C91A2E00ED000FA837 /* M2XDevice.m */,
				E2FA60CA1A2E00ED000FA837 /* M2XDistribution.h */,
				E2FA60CB1A2E00ED000FA837 /* M2XDistribution.m */,
				E2FA60CC1A2E00ED000FA837 /* M2XKey.h */,
				E2FA60CD1A2E00ED000FA837 /* M2XKey.m */,
				E2FA60CE1A2E00ED000FA837 /* M2XResource.h */,
				E2FA60CF1A2E00ED000FA837 /* M2XResource.m */,
				E2FA60D01A2E00ED000FA837 /* M2XResponse.h */,
				E2FA60D11A2E00ED000FA837 /* M2XResponse.m */,
				E2FA60D21A2E00ED000FA837 /* M2XStream.h */,
				E2FA60D31A2E00ED000FA837 /* M2XStream.m */,
				E2FA60D41A2E00ED000FA837 /* M2XTrigger.h */,
				E2FA60D51A2E00ED000FA837 /* M2XTrigger.m */,
				832849B219ABBB5B005CA81E /* NSDate+M2X.h */,
				832849B319ABBB5B005CA81E /* NSDate+M2X.m */,
			);
			name = lib;
			path = ../lib;
			sourceTree = "<group>";
		};
		837B21C319B8DB4400D5CF03 /* Frameworks */ = {
			isa = PBXGroup;
			children = (
				832849C519ABBD11005CA81E /* HomeKit.framework */,
			);
			name = Frameworks;
			sourceTree = "<group>";
		};
/* End PBXGroup section */

/* Begin PBXNativeTarget section */
		8328494119ABBACD005CA81E /* HomeKitDemo */ = {
			isa = PBXNativeTarget;
			buildConfigurationList = 8328496219ABBACD005CA81E /* Build configuration list for PBXNativeTarget "HomeKitDemo" */;
			buildPhases = (
				8328493E19ABBACD005CA81E /* Sources */,
				8328493F19ABBACD005CA81E /* Frameworks */,
				8328494019ABBACD005CA81E /* Resources */,
			);
			buildRules = (
			);
			dependencies = (
			);
			name = HomeKitDemo;
			productName = HomeKitDemo;
			productReference = 8328494219ABBACD005CA81E /* HomeKitDemo.app */;
			productType = "com.apple.product-type.application";
		};
		8328495719ABBACD005CA81E /* HomeKitDemoTests */ = {
			isa = PBXNativeTarget;
			buildConfigurationList = 8328496519ABBACD005CA81E /* Build configuration list for PBXNativeTarget "HomeKitDemoTests" */;
			buildPhases = (
				8328495419ABBACD005CA81E /* Sources */,
				8328495519ABBACD005CA81E /* Frameworks */,
				8328495619ABBACD005CA81E /* Resources */,
			);
			buildRules = (
			);
			dependencies = (
				8328495A19ABBACD005CA81E /* PBXTargetDependency */,
			);
			name = HomeKitDemoTests;
			productName = HomeKitDemoTests;
			productReference = 8328495819ABBACD005CA81E /* HomeKitDemoTests.xctest */;
			productType = "com.apple.product-type.bundle.unit-test";
		};
/* End PBXNativeTarget section */

/* Begin PBXProject section */
		8328493A19ABBACD005CA81E /* Project object */ = {
			isa = PBXProject;
			attributes = {
				LastUpgradeCheck = 0600;
				ORGANIZATIONNAME = "AT&T";
				TargetAttributes = {
					8328494119ABBACD005CA81E = {
						CreatedOnToolsVersion = 6.0;
						DevelopmentTeam = 4PUW4LLWZC;
					};
					8328495719ABBACD005CA81E = {
						CreatedOnToolsVersion = 6.0;
						TestTargetID = 8328494119ABBACD005CA81E;
					};
				};
			};
			buildConfigurationList = 8328493D19ABBACD005CA81E /* Build configuration list for PBXProject "HomeKitDemo" */;
			compatibilityVersion = "Xcode 3.2";
			developmentRegion = English;
			hasScannedForEncodings = 0;
			knownRegions = (
				en,
				Base,
			);
			mainGroup = 8328493919ABBACD005CA81E;
			productRefGroup = 8328494319ABBACD005CA81E /* Products */;
			projectDirPath = "";
			projectRoot = "";
			targets = (
				8328494119ABBACD005CA81E /* HomeKitDemo */,
				8328495719ABBACD005CA81E /* HomeKitDemoTests */,
			);
		};
/* End PBXProject section */

/* Begin PBXResourcesBuildPhase section */
		8328494019ABBACD005CA81E /* Resources */ = {
			isa = PBXResourcesBuildPhase;
			buildActionMask = 2147483647;
			files = (
				8328495119ABBACD005CA81E /* Main.storyboard in Resources */,
				8328495319ABBACD005CA81E /* Images.xcassets in Resources */,
			);
			runOnlyForDeploymentPostprocessing = 0;
		};
		8328495619ABBACD005CA81E /* Resources */ = {
			isa = PBXResourcesBuildPhase;
			buildActionMask = 2147483647;
			files = (
			);
			runOnlyForDeploymentPostprocessing = 0;
		};
/* End PBXResourcesBuildPhase section */

/* Begin PBXSourcesBuildPhase section */
		8328493E19ABBACD005CA81E /* Sources */ = {
			isa = PBXSourcesBuildPhase;
			buildActionMask = 2147483647;
			files = (
				E2FA60DC1A2E00ED000FA837 /* M2XResponse.m in Sources */,
				8394979D19BA5908005FFD10 /* ServiceViewController.m in Sources */,
				8328466019B8EFDD00D21E90 /* HomeViewController.m in Sources */,
				8394979719BA5451005FFD10 /* ServicesViewController.m in Sources */,
				E2FA60D91A2E00ED000FA837 /* M2XDistribution.m in Sources */,
				8394978E19BA002E005FFD10 /* AccessoriesViewController.m in Sources */,
				E2FA60DE1A2E00ED000FA837 /* M2XTrigger.m in Sources */,
				E2FA60DA1A2E00ED000FA837 /* M2XKey.m in Sources */,
				E2FA60D81A2E00ED000FA837 /* M2XDevice.m in Sources */,
				836D614219C9C9F100F21102 /* SetupViewController.m in Sources */,
				8394979119BA00D4005FFD10 /* AccessoryViewController.m in Sources */,
				E2FA60DB1A2E00ED000FA837 /* M2XResource.m in Sources */,
				E2FA60D71A2E00ED000FA837 /* M2XClient+HTTP.m in Sources */,
				833CD75019B90CF9000D8A78 /* RoomViewController.m in Sources */,
				8394979419BA133E005FFD10 /* AccessoryBrowserViewController.m in Sources */,
				832849C419ABBC47005CA81E /* HomesViewController.m in Sources */,
				832849C119ABBB5B005CA81E /* NSDate+M2X.m in Sources */,
				8328494B19ABBACD005CA81E /* AppDelegate.m in Sources */,
				E2FA60DD1A2E00ED000FA837 /* M2XStream.m in Sources */,
				8328494819ABBACD005CA81E /* main.m in Sources */,
				E2FA60D61A2E00ED000FA837 /* M2XClient.m in Sources */,
			);
			runOnlyForDeploymentPostprocessing = 0;
		};
		8328495419ABBACD005CA81E /* Sources */ = {
			isa = PBXSourcesBuildPhase;
			buildActionMask = 2147483647;
			files = (
				8328495F19ABBACD005CA81E /* HomeKitDemoTests.m in Sources */,
			);
			runOnlyForDeploymentPostprocessing = 0;
		};
/* End PBXSourcesBuildPhase section */

/* Begin PBXTargetDependency section */
		8328495A19ABBACD005CA81E /* PBXTargetDependency */ = {
			isa = PBXTargetDependency;
			target = 8328494119ABBACD005CA81E /* HomeKitDemo */;
			targetProxy = 8328495919ABBACD005CA81E /* PBXContainerItemProxy */;
		};
/* End PBXTargetDependency section */

/* Begin PBXVariantGroup section */
		8328494F19ABBACD005CA81E /* Main.storyboard */ = {
			isa = PBXVariantGroup;
			children = (
				8328495019ABBACD005CA81E /* Base */,
			);
			name = Main.storyboard;
			sourceTree = "<group>";
		};
/* End PBXVariantGroup section */

/* Begin XCBuildConfiguration section */
		8328496019ABBACD005CA81E /* Debug */ = {
			isa = XCBuildConfiguration;
			buildSettings = {
				ALWAYS_SEARCH_USER_PATHS = NO;
				CLANG_CXX_LANGUAGE_STANDARD = "gnu++0x";
				CLANG_CXX_LIBRARY = "libc++";
				CLANG_ENABLE_MODULES = YES;
				CLANG_ENABLE_OBJC_ARC = YES;
				CLANG_WARN_BOOL_CONVERSION = YES;
				CLANG_WARN_CONSTANT_CONVERSION = YES;
				CLANG_WARN_DIRECT_OBJC_ISA_USAGE = YES_ERROR;
				CLANG_WARN_EMPTY_BODY = YES;
				CLANG_WARN_ENUM_CONVERSION = YES;
				CLANG_WARN_INT_CONVERSION = YES;
				CLANG_WARN_OBJC_ROOT_CLASS = YES_ERROR;
				CLANG_WARN_UNREACHABLE_CODE = YES;
				CLANG_WARN__DUPLICATE_METHOD_MATCH = YES;
				"CODE_SIGN_IDENTITY[sdk=iphoneos*]" = "iPhone Developer";
				COPY_PHASE_STRIP = NO;
				ENABLE_STRICT_OBJC_MSGSEND = YES;
				GCC_C_LANGUAGE_STANDARD = gnu99;
				GCC_DYNAMIC_NO_PIC = NO;
				GCC_OPTIMIZATION_LEVEL = 0;
				GCC_PREPROCESSOR_DEFINITIONS = (
					"DEBUG=1",
					"$(inherited)",
				);
				GCC_SYMBOLS_PRIVATE_EXTERN = NO;
				GCC_WARN_64_TO_32_BIT_CONVERSION = YES;
				GCC_WARN_ABOUT_RETURN_TYPE = YES_ERROR;
				GCC_WARN_UNDECLARED_SELECTOR = YES;
				GCC_WARN_UNINITIALIZED_AUTOS = YES_AGGRESSIVE;
				GCC_WARN_UNUSED_FUNCTION = YES;
				GCC_WARN_UNUSED_VARIABLE = YES;
				IPHONEOS_DEPLOYMENT_TARGET = 8.0;
				MTL_ENABLE_DEBUG_INFO = YES;
				ONLY_ACTIVE_ARCH = YES;
				SDKROOT = iphoneos;
			};
			name = Debug;
		};
		8328496119ABBACD005CA81E /* Release */ = {
			isa = XCBuildConfiguration;
			buildSettings = {
				ALWAYS_SEARCH_USER_PATHS = NO;
				CLANG_CXX_LANGUAGE_STANDARD = "gnu++0x";
				CLANG_CXX_LIBRARY = "libc++";
				CLANG_ENABLE_MODULES = YES;
				CLANG_ENABLE_OBJC_ARC = YES;
				CLANG_WARN_BOOL_CONVERSION = YES;
				CLANG_WARN_CONSTANT_CONVERSION = YES;
				CLANG_WARN_DIRECT_OBJC_ISA_USAGE = YES_ERROR;
				CLANG_WARN_EMPTY_BODY = YES;
				CLANG_WARN_ENUM_CONVERSION = YES;
				CLANG_WARN_INT_CONVERSION = YES;
				CLANG_WARN_OBJC_ROOT_CLASS = YES_ERROR;
				CLANG_WARN_UNREACHABLE_CODE = YES;
				CLANG_WARN__DUPLICATE_METHOD_MATCH = YES;
				"CODE_SIGN_IDENTITY[sdk=iphoneos*]" = "iPhone Developer";
				COPY_PHASE_STRIP = YES;
				ENABLE_NS_ASSERTIONS = NO;
				ENABLE_STRICT_OBJC_MSGSEND = YES;
				GCC_C_LANGUAGE_STANDARD = gnu99;
				GCC_WARN_64_TO_32_BIT_CONVERSION = YES;
				GCC_WARN_ABOUT_RETURN_TYPE = YES_ERROR;
				GCC_WARN_UNDECLARED_SELECTOR = YES;
				GCC_WARN_UNINITIALIZED_AUTOS = YES_AGGRESSIVE;
				GCC_WARN_UNUSED_FUNCTION = YES;
				GCC_WARN_UNUSED_VARIABLE = YES;
				IPHONEOS_DEPLOYMENT_TARGET = 8.0;
				MTL_ENABLE_DEBUG_INFO = NO;
				SDKROOT = iphoneos;
				VALIDATE_PRODUCT = YES;
			};
			name = Release;
		};
		8328496319ABBACD005CA81E /* Debug */ = {
			isa = XCBuildConfiguration;
			buildSettings = {
				ASSETCATALOG_COMPILER_APPICON_NAME = AppIcon;
				ASSETCATALOG_COMPILER_LAUNCHIMAGE_NAME = LaunchImage;
				CODE_SIGN_ENTITLEMENTS = HomeKitDemo/HomeKitDemo.entitlements;
				CODE_SIGN_IDENTITY = "iPhone Developer";
				"CODE_SIGN_IDENTITY[sdk=iphoneos*]" = "iPhone Developer";
				INFOPLIST_FILE = HomeKitDemo/Info.plist;
				LD_RUNPATH_SEARCH_PATHS = "$(inherited) @executable_path/Frameworks";
				LIBRARY_SEARCH_PATHS = (
					"$(inherited)",
					"$(SDKROOT)/usr/lib/system",
				);
				PRODUCT_NAME = "$(TARGET_NAME)";
				PROVISIONING_PROFILE = "";
			};
			name = Debug;
		};
		8328496419ABBACD005CA81E /* Release */ = {
			isa = XCBuildConfiguration;
			buildSettings = {
				ASSETCATALOG_COMPILER_APPICON_NAME = AppIcon;
				ASSETCATALOG_COMPILER_LAUNCHIMAGE_NAME = LaunchImage;
				CODE_SIGN_ENTITLEMENTS = HomeKitDemo/HomeKitDemo.entitlements;
				CODE_SIGN_IDENTITY = "iPhone Developer";
				"CODE_SIGN_IDENTITY[sdk=iphoneos*]" = "iPhone Developer";
				INFOPLIST_FILE = HomeKitDemo/Info.plist;
				LD_RUNPATH_SEARCH_PATHS = "$(inherited) @executable_path/Frameworks";
				LIBRARY_SEARCH_PATHS = (
					"$(inherited)",
					"$(SDKROOT)/usr/lib/system",
				);
				PRODUCT_NAME = "$(TARGET_NAME)";
				PROVISIONING_PROFILE = "";
			};
			name = Release;
		};
		8328496619ABBACD005CA81E /* Debug */ = {
			isa = XCBuildConfiguration;
			buildSettings = {
				BUNDLE_LOADER = "$(TEST_HOST)";
				FRAMEWORK_SEARCH_PATHS = (
					"$(SDKROOT)/Developer/Library/Frameworks",
					"$(inherited)",
				);
				GCC_PREPROCESSOR_DEFINITIONS = (
					"DEBUG=1",
					"$(inherited)",
				);
				INFOPLIST_FILE = HomeKitDemoTests/Info.plist;
				LD_RUNPATH_SEARCH_PATHS = "$(inherited) @executable_path/Frameworks @loader_path/Frameworks";
				PRODUCT_NAME = "$(TARGET_NAME)";
				TEST_HOST = "$(BUILT_PRODUCTS_DIR)/HomeKitDemo.app/HomeKitDemo";
			};
			name = Debug;
		};
		8328496719ABBACD005CA81E /* Release */ = {
			isa = XCBuildConfiguration;
			buildSettings = {
				BUNDLE_LOADER = "$(TEST_HOST)";
				FRAMEWORK_SEARCH_PATHS = (
					"$(SDKROOT)/Developer/Library/Frameworks",
					"$(inherited)",
				);
				INFOPLIST_FILE = HomeKitDemoTests/Info.plist;
				LD_RUNPATH_SEARCH_PATHS = "$(inherited) @executable_path/Frameworks @loader_path/Frameworks";
				PRODUCT_NAME = "$(TARGET_NAME)";
				TEST_HOST = "$(BUILT_PRODUCTS_DIR)/HomeKitDemo.app/HomeKitDemo";
			};
			name = Release;
		};
/* End XCBuildConfiguration section */

/* Begin XCConfigurationList section */
		8328493D19ABBACD005CA81E /* Build configuration list for PBXProject "HomeKitDemo" */ = {
			isa = XCConfigurationList;
			buildConfigurations = (
				8328496019ABBACD005CA81E /* Debug */,
				8328496119ABBACD005CA81E /* Release */,
			);
			defaultConfigurationIsVisible = 0;
			defaultConfigurationName = Release;
		};
		8328496219ABBACD005CA81E /* Build configuration list for PBXNativeTarget "HomeKitDemo" */ = {
			isa = XCConfigurationList;
			buildConfigurations = (
				8328496319ABBACD005CA81E /* Debug */,
				8328496419ABBACD005CA81E /* Release */,
			);
			defaultConfigurationIsVisible = 0;
			defaultConfigurationName = Release;
		};
		8328496519ABBACD005CA81E /* Build configuration list for PBXNativeTarget "HomeKitDemoTests" */ = {
			isa = XCConfigurationList;
			buildConfigurations = (
				8328496619ABBACD005CA81E /* Debug */,
				8328496719ABBACD005CA81E /* Release */,
			);
			defaultConfigurationIsVisible = 0;
			defaultConfigurationName = Release;
		};
/* End XCConfigurationList section */
	};
	rootObject = 8328493A19ABBACD005CA81E /* Project object */;
}
